{
  "version": 4,
  "terraform_version": "1.13.5",
  "serial": 12,
  "lineage": "4364a6ca-2c80-944b-61d6-c6b6efd3da69",
  "outputs": {},
  "resources": [
    {
      "mode": "managed",
      "type": "local_file",
      "name": "service_configs",
      "provider": "provider[\"registry.terraform.io/hashicorp/local\"]",
      "instances": [
        {
          "schema_version": 0,
          "attributes": {
            "content": "    environment = dev\r\n    port=3000\r\n",
            "content_base64": null,
            "content_base64sha256": "pqqfKvWUlHDCNDGwYvfmNFBxgHVvHJTRaGn3CP8P+eE=",
            "content_base64sha512": "h3Bje5tTGRo/HzpN2HqTN9lIqn3LY5Hli+Ju3J1JzU5h3AsxIRpCdkuE/8FrCH9lcdT4wKKx8xmCrNiJsuvTZw==",
            "content_md5": "f85fc5767340daae47f5dae908b3993f",
            "content_sha1": "1c2f708504865d9388f7ea0efa93cf9330b7f64e",
            "content_sha256": "a6aa9f2af5949470c23431b062f7e634507180756f1c94d16869f708ff0ff9e1",
            "content_sha512": "8770637b9b53191a3f1f3a4dd87a9337d948aa7dcb6391e58be26edc9d49cd4e61dc0b31211a42764b84ffc16b087f6571d4f8c0a2b1f31982acd889b2ebd367",
            "directory_permission": "0777",
            "file_permission": "0777",
            "filename": "./configs/DEV/server.sh",
            "id": "1c2f708504865d9388f7ea0efa93cf9330b7f64e",
            "sensitive_content": null,
            "source": null
          },
          "sensitive_attributes": [
            [
              {
                "type": "get_attr",
                "value": "sensitive_content"
              }
            ]
          ],
          "identity_schema_version": 0
        }
      ]
    }
  ],
  "check_results": null
}
